// !$*UTF8*$!
{
	archiveVersion = 1;
	classes = {
	};
	objectVersion = 46;
	objects = {

/* Begin PBXBuildFile section */
		8207BF8B1EE36AC800F1550F /* FacialExpression.swift in Sources */ = {isa = PBXBuildFile; fileRef = 8207BF8A1EE36AC800F1550F /* FacialExpression.swift */; };
		8207BFAB1EE6278E00F1550F /* EmotionsViewController.swift in Sources */ = {isa = PBXBuildFile; fileRef = 8207BFAA1EE6278E00F1550F /* EmotionsViewController.swift */; };
		8212C6441EE7381C0080CE1A /* VCLLoggingViewController.swift in Sources */ = {isa = PBXBuildFile; fileRef = 8212C6431EE7381C0080CE1A /* VCLLoggingViewController.swift */; };
		821908641F27893200AE24A8 /* Main.storyboard in Resources */ = {isa = PBXBuildFile; fileRef = 821908601F27872400AE24A8 /* Main.storyboard */; };
		821908651F27893900AE24A8 /* LaunchScreen.storyboard in Resources */ = {isa = PBXBuildFile; fileRef = 821908621F27875E00AE24A8 /* LaunchScreen.storyboard */; };
		821908671F27905300AE24A8 /* ExpressionEditorViewController.swift in Sources */ = {isa = PBXBuildFile; fileRef = 821908661F27905300AE24A8 /* ExpressionEditorViewController.swift */; };
		82528B1E1F1EB2F900D67F1A /* BlinkingFaceViewController.swift in Sources */ = {isa = PBXBuildFile; fileRef = 82528B1D1F1EB2F900D67F1A /* BlinkingFaceViewController.swift */; };
		82528B201F1EBD7500D67F1A /* EyeView.swift in Sources */ = {isa = PBXBuildFile; fileRef = 82528B1F1F1EBD7500D67F1A /* EyeView.swift */; };
		8264FDF91EC771A800546285 /* AppDelegate.swift in Sources */ = {isa = PBXBuildFile; fileRef = 8264FDF81EC771A800546285 /* AppDelegate.swift */; };
		8264FDFB1EC771A800546285 /* FaceViewController.swift in Sources */ = {isa = PBXBuildFile; fileRef = 8264FDFA1EC771A800546285 /* FaceViewController.swift */; };
		8264FE001EC771A800546285 /* Assets.xcassets in Resources */ = {isa = PBXBuildFile; fileRef = 8264FDFF1EC771A800546285 /* Assets.xcassets */; };
		8264FE0C1EC7720100546285 /* FaceView.swift in Sources */ = {isa = PBXBuildFile; fileRef = 8264FE0B1EC7720100546285 /* FaceView.swift */; };
/* End PBXBuildFile section */

/* Begin PBXFileReference section */
		8207BF8A1EE36AC800F1550F /* FacialExpression.swift */ = {isa = PBXFileReference; fileEncoding = 4; lastKnownFileType = sourcecode.swift; path = FacialExpression.swift; sourceTree = "<group>"; };
		8207BFAA1EE6278E00F1550F /* EmotionsViewController.swift */ = {isa = PBXFileReference; fileEncoding = 4; lastKnownFileType = sourcecode.swift; path = EmotionsViewController.swift; sourceTree = "<group>"; };
		8212C6431EE7381C0080CE1A /* VCLLoggingViewController.swift */ = {isa = PBXFileReference; fileEncoding = 4; lastKnownFileType = sourcecode.swift; path = VCLLoggingViewController.swift; sourceTree = "<group>"; };
		821908611F27872400AE24A8 /* Base */ = {isa = PBXFileReference; lastKnownFileType = file.storyboard; name = Base; path = Base.lproj/Main.storyboard; sourceTree = "<group>"; };
		821908631F27875E00AE24A8 /* Base */ = {isa = PBXFileReference; lastKnownFileType = file.storyboard; name = Base; path = Base.lproj/LaunchScreen.storyboard; sourceTree = "<group>"; };
		821908661F27905300AE24A8 /* ExpressionEditorViewController.swift */ = {isa = PBXFileReference; lastKnownFileType = sourcecode.swift; path = ExpressionEditorViewController.swift; sourceTree = "<group>"; };
		82528B1D1F1EB2F900D67F1A /* BlinkingFaceViewController.swift */ = {isa = PBXFileReference; lastKnownFileType = sourcecode.swift; path = BlinkingFaceViewController.swift; sourceTree = "<group>"; };
		82528B1F1F1EBD7500D67F1A /* EyeView.swift */ = {isa = PBXFileReference; lastKnownFileType = sourcecode.swift; path = EyeView.swift; sourceTree = "<group>"; };
		8264FDF51EC771A800546285 /* FaceIt2017.app */ = {isa = PBXFileReference; explicitFileType = wrapper.application; includeInIndex = 0; path = FaceIt2017.app; sourceTree = BUILT_PRODUCTS_DIR; };
		8264FDF81EC771A800546285 /* AppDelegate.swift */ = {isa = PBXFileReference; lastKnownFileType = sourcecode.swift; path = AppDelegate.swift; sourceTree = "<group>"; };
		8264FDFA1EC771A800546285 /* FaceViewController.swift */ = {isa = PBXFileReference; lastKnownFileType = sourcecode.swift; path = FaceViewController.swift; sourceTree = "<group>"; };
		8264FDFF1EC771A800546285 /* Assets.xcassets */ = {isa = PBXFileReference; lastKnownFileType = folder.assetcatalog; path = Assets.xcassets; sourceTree = "<group>"; };
		8264FE041EC771A800546285 /* Info.plist */ = {isa = PBXFileReference; lastKnownFileType = text.plist.xml; path = Info.plist; sourceTree = "<group>"; };
		8264FE0B1EC7720100546285 /* FaceView.swift */ = {isa = PBXFileReference; fileEncoding = 4; lastKnownFileType = sourcecode.swift; path = FaceView.swift; sourceTree = "<group>"; };
/* End PBXFileReference section */

/* Begin PBXFrameworksBuildPhase section */
		8264FDF21EC771A800546285 /* Frameworks */ = {
			isa = PBXFrameworksBuildPhase;
			buildActionMask = 2147483647;
			files = (
			);
			runOnlyForDeploymentPostprocessing = 0;
		};
/* End PBXFrameworksBuildPhase section */

/* Begin PBXGroup section */
		821908691F2AE3C000AE24A8 /* Model */ = {
			isa = PBXGroup;
			children = (
				8207BF8A1EE36AC800F1550F /* FacialExpression.swift */,
			);
			path = Model;
			sourceTree = "<group>";
		};
		8219086A1F2AE3D400AE24A8 /* Controller */ = {
			isa = PBXGroup;
			children = (
				8264FDFA1EC771A800546285 /* FaceViewController.swift */,
				82528B1D1F1EB2F900D67F1A /* BlinkingFaceViewController.swift */,
				8207BFAA1EE6278E00F1550F /* EmotionsViewController.swift */,
				8212C6431EE7381C0080CE1A /* VCLLoggingViewController.swift */,
				821908661F27905300AE24A8 /* ExpressionEditorViewController.swift */,
			);
			path = Controller;
			sourceTree = "<group>";
		};
		8219086B1F2AE3E100AE24A8 /* View */ = {
			isa = PBXGroup;
			children = (
				822DEB741F395E1700832961 /* Storyboards */,
				8264FE0B1EC7720100546285 /* FaceView.swift */,
				82528B1F1F1EBD7500D67F1A /* EyeView.swift */,
			);
			path = View;
			sourceTree = "<group>";
		};
		822DEB731F395B7A00832961 /* Supporters */ = {
			isa = PBXGroup;
			children = (
				8264FDF81EC771A800546285 /* AppDelegate.swift */,
				8264FE041EC771A800546285 /* Info.plist */,
				8264FDFF1EC771A800546285 /* Assets.xcassets */,
			);
			path = Supporters;
			sourceTree = "<group>";
		};
		822DEB741F395E1700832961 /* Storyboards */ = {
			isa = PBXGroup;
			children = (
				821908601F27872400AE24A8 /* Main.storyboard */,
				821908621F27875E00AE24A8 /* LaunchScreen.storyboard */,
			);
			path = Storyboards;
			sourceTree = "<group>";
		};
		8264FDEC1EC771A800546285 = {
			isa = PBXGroup;
			children = (
				8264FDF71EC771A800546285 /* FaceIt2017 */,
				8264FDF61EC771A800546285 /* Products */,
			);
			sourceTree = "<group>";
		};
		8264FDF61EC771A800546285 /* Products */ = {
			isa = PBXGroup;
			children = (
				8264FDF51EC771A800546285 /* FaceIt2017.app */,
			);
			name = Products;
			sourceTree = "<group>";
		};
		8264FDF71EC771A800546285 /* FaceIt2017 */ = {
			isa = PBXGroup;
			children = (
				821908691F2AE3C000AE24A8 /* Model */,
				8219086A1F2AE3D400AE24A8 /* Controller */,
				8219086B1F2AE3E100AE24A8 /* View */,
				822DEB731F395B7A00832961 /* Supporters */,
			);
			path = FaceIt2017;
			sourceTree = "<group>";
		};
/* End PBXGroup section */

/* Begin PBXNativeTarget section */
		8264FDF41EC771A800546285 /* FaceIt2017 */ = {
			isa = PBXNativeTarget;
			buildConfigurationList = 8264FE071EC771A800546285 /* Build configuration list for PBXNativeTarget "FaceIt2017" */;
			buildPhases = (
				8264FDF11EC771A800546285 /* Sources */,
				8264FDF21EC771A800546285 /* Frameworks */,
				8264FDF31EC771A800546285 /* Resources */,
			);
			buildRules = (
			);
			dependencies = (
			);
			name = FaceIt2017;
			productName = FaceIt2017;
			productReference = 8264FDF51EC771A800546285 /* FaceIt2017.app */;
			productType = "com.apple.product-type.application";
		};
/* End PBXNativeTarget section */

/* Begin PBXProject section */
		8264FDED1EC771A800546285 /* Project object */ = {
			isa = PBXProject;
			attributes = {
				LastSwiftUpdateCheck = 0830;
				LastUpgradeCheck = 0830;
				ORGANIZATIONNAME = "Michael De La Cruz";
				TargetAttributes = {
					8264FDF41EC771A800546285 = {
						CreatedOnToolsVersion = 8.3.2;
						DevelopmentTeam = UP5S927B5L;
						ProvisioningStyle = Automatic;
					};
				};
			};
			buildConfigurationList = 8264FDF01EC771A800546285 /* Build configuration list for PBXProject "FaceIt2017" */;
			compatibilityVersion = "Xcode 3.2";
			developmentRegion = English;
			hasScannedForEncodings = 0;
			knownRegions = (
				en,
				Base,
			);
			mainGroup = 8264FDEC1EC771A800546285;
			productRefGroup = 8264FDF61EC771A800546285 /* Products */;
			projectDirPath = "";
			projectRoot = "";
			targets = (
				8264FDF41EC771A800546285 /* FaceIt2017 */,
			);
		};
/* End PBXProject section */

/* Begin PBXResourcesBuildPhase section */
		8264FDF31EC771A800546285 /* Resources */ = {
			isa = PBXResourcesBuildPhase;
			buildActionMask = 2147483647;
			files = (
				821908651F27893900AE24A8 /* LaunchScreen.storyboard in Resources */,
				8264FE001EC771A800546285 /* Assets.xcassets in Resources */,
				821908641F27893200AE24A8 /* Main.storyboard in Resources */,
			);
			runOnlyForDeploymentPostprocessing = 0;
		};
/* End PBXResourcesBuildPhase section */

/* Begin PBXSourcesBuildPhase section */
		8264FDF11EC771A800546285 /* Sources */ = {
			isa = PBXSourcesBuildPhase;
			buildActionMask = 2147483647;
			files = (
				8212C6441EE7381C0080CE1A /* VCLLoggingViewController.swift in Sources */,
				8264FDFB1EC771A800546285 /* FaceViewController.swift in Sources */,
				8207BF8B1EE36AC800F1550F /* FacialExpression.swift in Sources */,
				8207BFAB1EE6278E00F1550F /* EmotionsViewController.swift in Sources */,
				82528B1E1F1EB2F900D67F1A /* BlinkingFaceViewController.swift in Sources */,
				8264FDF91EC771A800546285 /* AppDelegate.swift in Sources */,
				821908671F27905300AE24A8 /* ExpressionEditorViewController.swift in Sources */,
				82528B201F1EBD7500D67F1A /* EyeView.swift in Sources */,
				8264FE0C1EC7720100546285 /* FaceView.swift in Sources */,
			);
			runOnlyForDeploymentPostprocessing = 0;
		};
/* End PBXSourcesBuildPhase section */

/* Begin PBXVariantGroup section */
		821908601F27872400AE24A8 /* Main.storyboard */ = {
			isa = PBXVariantGroup;
			children = (
				821908611F27872400AE24A8 /* Base */,
			);
			name = Main.storyboard;
			sourceTree = "<group>";
		};
		821908621F27875E00AE24A8 /* LaunchScreen.storyboard */ = {
			isa = PBXVariantGroup;
			children = (
				821908631F27875E00AE24A8 /* Base */,
			);
			name = LaunchScreen.storyboard;
			sourceTree = "<group>";
		};
/* End PBXVariantGroup section */

/* Begin XCBuildConfiguration section */
		8264FE051EC771A800546285 /* Debug */ = {
			isa = XCBuildConfiguration;
			buildSettings = {
				ALWAYS_SEARCH_USER_PATHS = NO;
				CLANG_ANALYZER_NONNULL = YES;
				CLANG_ANALYZER_NUMBER_OBJECT_CONVERSION = YES_AGGRESSIVE;
				CLANG_CXX_LANGUAGE_STANDARD = "gnu++0x";
				CLANG_CXX_LIBRARY = "libc++";
				CLANG_ENABLE_MODULES = YES;
				CLANG_ENABLE_OBJC_ARC = YES;
				CLANG_WARN_BOOL_CONVERSION = YES;
				CLANG_WARN_CONSTANT_CONVERSION = YES;
				CLANG_WARN_DIRECT_OBJC_ISA_USAGE = YES_ERROR;
				CLANG_WARN_DOCUMENTATION_COMMENTS = YES;
				CLANG_WARN_EMPTY_BODY = YES;
				CLANG_WARN_ENUM_CONVERSION = YES;
				CLANG_WARN_INFINITE_RECURSION = YES;
				CLANG_WARN_INT_CONVERSION = YES;
				CLANG_WARN_OBJC_ROOT_CLASS = YES_ERROR;
				CLANG_WARN_SUSPICIOUS_MOVE = YES;
				CLANG_WARN_UNREACHABLE_CODE = YES;
				CLANG_WARN__DUPLICATE_METHOD_MATCH = YES;
				"CODE_SIGN_IDENTITY[sdk=iphoneos*]" = "iPhone Developer";
				COPY_PHASE_STRIP = NO;
				DEBUG_INFORMATION_FORMAT = dwarf;
				ENABLE_STRICT_OBJC_MSGSEND = YES;
				ENABLE_TESTABILITY = YES;
				GCC_C_LANGUAGE_STANDARD = gnu99;
				GCC_DYNAMIC_NO_PIC = NO;
				GCC_NO_COMMON_BLOCKS = YES;
				GCC_OPTIMIZATION_LEVEL = 0;
				GCC_PREPROCESSOR_DEFINITIONS = (
					"DEBUG=1",
					"$(inherited)",
				);
				GCC_WARN_64_TO_32_BIT_CONVERSION = YES;
				GCC_WARN_ABOUT_RETURN_TYPE = YES_ERROR;
				GCC_WARN_UNDECLARED_SELECTOR = YES;
				GCC_WARN_UNINITIALIZED_AUTOS = YES_AGGRESSIVE;
				GCC_WARN_UNUSED_FUNCTION = YES;
				GCC_WARN_UNUSED_VARIABLE = YES;
				IPHONEOS_DEPLOYMENT_TARGET = 10.3;
				MTL_ENABLE_DEBUG_INFO = YES;
				ONLY_ACTIVE_ARCH = YES;
				SDKROOT = iphoneos;
				SWIFT_ACTIVE_COMPILATION_CONDITIONS = DEBUG;
				SWIFT_OPTIMIZATION_LEVEL = "-Onone";
			};
			name = Debug;
		};
		8264FE061EC771A800546285 /* Release */ = {
			isa = XCBuildConfiguration;
			buildSettings = {
				ALWAYS_SEARCH_USER_PATHS = NO;
				CLANG_ANALYZER_NONNULL = YES;
				CLANG_ANALYZER_NUMBER_OBJECT_CONVERSION = YES_AGGRESSIVE;
				CLANG_CXX_LANGUAGE_STANDARD = "gnu++0x";
				CLANG_CXX_LIBRARY = "libc++";
				CLANG_ENABLE_MODULES = YES;
				CLANG_ENABLE_OBJC_ARC = YES;
				CLANG_WARN_BOOL_CONVERSION = YES;
				CLANG_WARN_CONSTANT_CONVERSION = YES;
				CLANG_WARN_DIRECT_OBJC_ISA_USAGE = YES_ERROR;
				CLANG_WARN_DOCUMENTATION_COMMENTS = YES;
				CLANG_WARN_EMPTY_BODY = YES;
				CLANG_WARN_ENUM_CONVERSION = YES;
				CLANG_WARN_INFINITE_RECURSION = YES;
				CLANG_WARN_INT_CONVERSION = YES;
				CLANG_WARN_OBJC_ROOT_CLASS = YES_ERROR;
				CLANG_WARN_SUSPICIOUS_MOVE = YES;
				CLANG_WARN_UNREACHABLE_CODE = YES;
				CLANG_WARN__DUPLICATE_METHOD_MATCH = YES;
				"CODE_SIGN_IDENTITY[sdk=iphoneos*]" = "iPhone Developer";
				COPY_PHASE_STRIP = NO;
				DEBUG_INFORMATION_FORMAT = "dwarf-with-dsym";
				ENABLE_NS_ASSERTIONS = NO;
				ENABLE_STRICT_OBJC_MSGSEND = YES;
				GCC_C_LANGUAGE_STANDARD = gnu99;
				GCC_NO_COMMON_BLOCKS = YES;
				GCC_WARN_64_TO_32_BIT_CONVERSION = YES;
				GCC_WARN_ABOUT_RETURN_TYPE = YES_ERROR;
				GCC_WARN_UNDECLARED_SELECTOR = YES;
				GCC_WARN_UNINITIALIZED_AUTOS = YES_AGGRESSIVE;
				GCC_WARN_UNUSED_FUNCTION = YES;
				GCC_WARN_UNUSED_VARIABLE = YES;
				IPHONEOS_DEPLOYMENT_TARGET = 10.3;
				MTL_ENABLE_DEBUG_INFO = NO;
				SDKROOT = iphoneos;
				SWIFT_OPTIMIZATION_LEVEL = "-Owholemodule";
				VALIDATE_PRODUCT = YES;
			};
			name = Release;
		};
		8264FE081EC771A800546285 /* Debug */ = {
			isa = XCBuildConfiguration;
			buildSettings = {
				ASSETCATALOG_COMPILER_APPICON_NAME = AppIcon;
				DEVELOPMENT_TEAM = UP5S927B5L;
				INFOPLIST_FILE = "$(SRCROOT)/FaceIt2017/Supporters/Info.plist";
				LD_RUNPATH_SEARCH_PATHS = "$(inherited) @executable_path/Frameworks";
				PRODUCT_BUNDLE_IDENTIFIER = MichaelD.FaceIt2017;
				PRODUCT_NAME = "$(TARGET_NAME)";
				SWIFT_VERSION = 3.0;
				TARGETED_DEVICE_FAMILY = "1,2";
			};
			name = Debug;
		};
		8264FE091EC771A800546285 /* Release */ = {
			isa = XCBuildConfiguration;
			buildSettings = {
				ASSETCATALOG_COMPILER_APPICON_NAME = AppIcon;
				DEVELOPMENT_TEAM = UP5S927B5L;
				INFOPLIST_FILE = "$(SRCROOT)/FaceIt2017/Supporters/Info.plist";
				LD_RUNPATH_SEARCH_PATHS = "$(inherited) @executable_path/Frameworks";
				PRODUCT_BUNDLE_IDENTIFIER = MichaelD.FaceIt2017;
				PRODUCT_NAME = "$(TARGET_NAME)";
				SWIFT_VERSION = 3.0;
				TARGETED_DEVICE_FAMILY = "1,2";
			};
			name = Release;
		};
/* End XCBuildConfiguration section */

/* Begin XCConfigurationList section */
		8264FDF01EC771A800546285 /* Build configuration list for PBXProject "FaceIt2017" */ = {
			isa = XCConfigurationList;
			buildConfigurations = (
				8264FE051EC771A800546285 /* Debug */,
				8264FE061EC771A800546285 /* Release */,
			);
			defaultConfigurationIsVisible = 0;
			defaultConfigurationName = Release;
		};
		8264FE071EC771A800546285 /* Build configuration list for PBXNativeTarget "FaceIt2017" */ = {
			isa = XCConfigurationList;
			buildConfigurations = (
				8264FE081EC771A800546285 /* Debug */,
				8264FE091EC771A800546285 /* Release */,
			);
			defaultConfigurationIsVisible = 0;
			defaultConfigurationName = Release;
		};
/* End XCConfigurationList section */
	};
	rootObject = 8264FDED1EC771A800546285 /* Project object */;
}
